{
  "name": "smart-library",
  "version": "1.0.0",
  "lockfileVersion": 3,
  "requires": true,
  "packages": {
    "": {
      "name": "smart-library",
      "version": "1.0.0",
      "license": "ISC",
      "dependencies": {
        "body-parser": "^1.20.2",
        "cors": "^2.8.5",
        "express": "^4.18.2",
        "uuid": "^9.0.0"
      }
    }
  },
  "dependencies": {
    "body-parser": {
      "version": "1.20.2",
      "resolved": "https://registry.npmjs.org/body-parser/-/body-parser-1.20.2.tgz",
      "integrity": "sha512-8cNf8a9oZ+w0xRZ0LdU36Sc9xgHuqkJPr8V5d4+os+oHRnDZ2T6l6qMRxXlE4r6jTZ2sb+U3b5jo9y2ZULkLqQ==",
      "dependencies": {
        "bytes": "3.1.2",
        "content-type": "~1.0.4",
        "debug": "2.6.9",
        "depd": "~2.0.0",
        "http-errors": "2.0.0",
        "iconv-lite": "0.4.24",
        "on-finished": "2.4.1",
        "qs": "6.11.0",
        "raw-body": "2.5.1",
        "type-is": "~1.6.18"
      }
    },
    "cors": {
      "version": "2.8.5",
      "resolved": "https://registry.npmjs.org/cors/-/cors-2.8.5.tgz",
      "integrity": "sha512-QrCbwP+UJ8e7c/1r8YJ0wD2WjF2g8k2/31+uVFTfQsqF4D4H1nPXZTUKXwKg0xq80fK3fAonf6nl+0wXl+PzHg==",
      "dependencies": {
        "object-assign": "4.1.1"
      }
    },
    "express": {
      "version": "4.18.2",
      "resolved": "https://registry.npmjs.org/express/-/express-4.18.2.tgz",
      "integrity": "sha512-EWm6Pk1VgPmc6Hwwgg+YB8pF1vHdjmbjXz0L1Z0vOgO6zX9kG0pRHR+e8W6v6bh5bQee2LBv30P8m8FhLyR7aA==",
      "dependencies": {
        "accepts": "~1.3.8",
        "array-flatten": "1.1.1",
        "body-parser": "1.20.2",
        "content-disposition": "0.5.4",
        "content-type": "~1.0.4",
        "cookie": "0.5.0",
        "cookie-signature": "1.0.6",
        "debug": "2.6.9",
        "depd": "~2.0.0",
        "encodeurl": "~1.0.2",
        "escape-html": "~1.0.3",
        "etag": "~1.8.1",
        "finalhandler": "1.2.0",
        "fresh": "0.5.2",
        "merge-descriptors": "1.0.1",
        "methods": "~1.1.2",
        "on-finished": "2.4.1",
        "parseurl": "~1.3.3",
        "path-to-regexp": "0.1.7",
        "proxy-addr": "~2.0.7",
        "qs": "6.11.0",
        "range-parser": "~1.2.1",
        "safe-buffer": "5.2.1",
        "send": "0.18.0",
        "serve-static": "1.15.0",
        "setprototypeof": "1.2.0",
        "statuses": "~2.0.1",
        "type-is": "~1.6.18",
        "utils-merge": "1.0.1",
        "vary": "~1.1.2"
      }
    },
    "uuid": {
      "version": "9.0.0",
      "resolved": "https://registry.npmjs.org/uuid/-/uuid-9.0.0.tgz",
      "integrity": "sha512-YGvHkbTtOa3KKkZ2IUnX0z73IExd6zjHG6GMRpW0p6H4+r1lmrUOxh5cf4n3bzCwWqTRfWJwP9STc2HjkxF1+g=="
    }
  }
}